{
  "name": "starter-bun-rescript-vanjs",
  "lockfileVersion": 3,
  "requires": true,
  "packages": {
    "": {
      "name": "starter-bun-rescript-vanjs",
      "dependencies": {
        "vanjs-core": "^1.5.5"
      },
      "devDependencies": {}
    },
    "node_modules/vanjs-core": {
      "version": "1.5.5",
      "license": "MIT"
    }
  }
}
